<?xml version="1.0" encoding="utf-8"?>
<Project ToolsVersion="4.0" xmlns="http://schemas.microsoft.com/developer/msbuild/2003">
  <ItemGroup>
    <Filter Include="source">
      <UniqueIdentifier>{7e148ee7-6444-4143-bb1c-862979d3e416}</UniqueIdentifier>
    </Filter>
    <Filter Include="example">
      <UniqueIdentifier>{84294eae-393b-468e-aa8d-b94f5d7c3524}</UniqueIdentifier>
    </Filter>
    <Filter Include="resource">
      <UniqueIdentifier>{94b8f6f6-5e25-4ecc-9130-832e04a35289}</UniqueIdentifier>
    </Filter>
    <Filter Include="header">
      <UniqueIdentifier>{d4014e4a-a592-4a2b-9a1f-55193d994d07}</UniqueIdentifier>
    </Filter>
    <Filter Include="test">
      <UniqueIdentifier>{e35c3bc8-a407-4196-ae75-2627aad127ed}</UniqueIdentifier>
    </Filter>
    <Filter Include="source\deprecated">
      <UniqueIdentifier>{2546e590-00b5-4a64-9dc9-b0a2a464056a}</UniqueIdentifier>
    </Filter>
  </ItemGroup>
  <ItemGroup>
    <ClCompile Include="matrix.h">
      <Filter>header</Filter>
    </ClCompile>
    <ClCompile Include="hostGauss.cpp">
      <Filter>source</Filter>
    </ClCompile>
    <ClCompile Include="main.cpp">
      <Filter>source</Filter>
    </ClCompile>
    <ClCompile Include="cuda_def.h">
      <Filter>header</Filter>
    </ClCompile>
    <ClCompile Include="test1.cpp">
      <Filter>test</Filter>
    </ClCompile>
    <ClCompile Include="test2.cpp">
      <Filter>test</Filter>
    </ClCompile>
    <ClCompile Include="test3.cpp">
      <Filter>test</Filter>
    </ClCompile>
  </ItemGroup>
  <ItemGroup>
    <CudaCompile Include="vectorSum.cu">
      <Filter>example</Filter>
    </CudaCompile>
    <CudaCompile Include="GlobalGauss2D.cu">
      <Filter>source\deprecated</Filter>
    </CudaCompile>
    <CudaCompile Include="TextureGauss2D.cu">
      <Filter>source\deprecated</Filter>
    </CudaCompile>
    <CudaCompile Include="GlobalGauss3D2.cu">
      <Filter>source</Filter>
    </CudaCompile>
    <CudaCompile Include="GlobalGauss3D3.cu">
      <Filter>source</Filter>
    </CudaCompile>
    <CudaCompile Include="GlobalGauss3D1.cu">
      <Filter>source</Filter>
    </CudaCompile>
  </ItemGroup>
  <ItemGroup>
    <ClInclude Include="logger.h">
      <Filter>header</Filter>
    </ClInclude>
    <ClInclude Include="test.h">
      <Filter>test</Filter>
    </ClInclude>
  </ItemGroup>
</Project>